github.com/fogleman/imview v0.0.0-20160829205857-7f26a718206b h1:o/JzR/1Y7ijjtUcw7bTRtdUChFkm9uRXqJrWuaW+7wU=
github.com/fogleman/imview v0.0.0-20160829205857-7f26a718206b/go.mod h1:z2lmk54hbwaIm0jdnDFu/nyriOdRkIQfWbuGJ/DOHv4=
github.com/go-gl/gl v0.0.0-20210501111010-69f74958bac0 h1:7xNa69TzlTrKtlBtE4yyNRFP9oqAneXAs9oKJkVOECs=
github.com/go-gl/gl v0.0.0-20210501111010-69f74958bac0/go.mod h1:wjpnOv6ONl2SuJSxqCPVaPZibGFdSci9HFocT9qtVYM=
github.com/go-gl/glfw v0.0.0-20210410170116-ea3d685f79fb h1:yMlfD+jmoG8wwBVLaFwtcgNBY207iWsYwtNC9u+T2yk=
github.com/go-gl/glfw v0.0.0-20210410170116-ea3d685f79fb/go.mod h1:vR7hzQXu2zJy9AVAgeJqvqgH9Q5CA+iKCZ2gyEVpxRU=
github.com/gorilla/mux v1.8.0 h1:i40aqfkR1h2SlN9hojwV5ZA91wcXFOvkdNIeFDP5koI=
github.com/gorilla/mux v1.8.0/go.mod h1:DVbg23sWSpFRCP0SfiEN6jmj59UnW/n46BH5rLB71So=
github.com/mshafiee/mp4 v0.0.0-20180318080707-0ad720116a9c h1:VOpGe9kDjJFKLThtXspb/q8PkeMrK/wOutC1r5HYnjE=
github.com/mshafiee/mp4 v0.0.0-20180318080707-0ad720116a9c/go.mod h1:zZE1oYfnqlhcW8vOASrDRDLbevDI+T2o/dM8BDCAOjA=
github.com/nfnt/resize v0.0.0-20180221191011-83c6a9932646 h1:zYyBkD/k9seD2A7fsi6Oo2LfFZAehjjQMERAvZLEDnQ=
github.com/nfnt/resize v0.0.0-20180221191011-83c6a9932646/go.mod h1:jpp1/29i3P1S/RLdc7JQKbRpFeM1dOBd8T9ki5s+AY8=
